Microsoft Visual Studio Solution File, Format Version 11.00
# Visual Studio 2008

Project("{A6E2B181-A975-598F-D738-F913EFCDF1EA}") = "FlowerOfDeathUNITY", "Assembly-CSharp-firstpass-vs.csproj", "{7BD9188D-152F-1E7D-BD62-57C7F40B99BD}"
EndProject
Project("{A6E2B181-A975-598F-D738-F913EFCDF1EA}") = "FlowerOfDeathUNITY", "Assembly-CSharp-vs.csproj", "{1E51D437-40E3-9ED4-EDB8-9D2DB7B55A38}"
EndProject
Project("{A6E2B181-A975-598F-D738-F913EFCDF1EA}") = "FlowerOfDeathUNITY", "Assembly-CSharp-Editor-vs.csproj", "{A5C48D50-9F46-0E92-197B-31D8C430062C}"
EndProject
Global
	GlobalSection(SolutionConfigurationPlatforms) = preSolution
		Debug|Any CPU = Debug|Any CPU
		Release|Any CPU = Release|Any CPU
	EndGlobalSection
	GlobalSection(ProjectConfigurationPlatforms) = postSolution
		{7BD9188D-152F-1E7D-BD62-57C7F40B99BD}.Debug|Any CPU.ActiveCfg = Debug|Any CPU
		{7BD9188D-152F-1E7D-BD62-57C7F40B99BD}.Debug|Any CPU.Build.0 = Debug|Any CPU
		{7BD9188D-152F-1E7D-BD62-57C7F40B99BD}.Release|Any CPU.ActiveCfg = Release|Any CPU
		{7BD9188D-152F-1E7D-BD62-57C7F40B99BD}.Release|Any CPU.Build.0 = Release|Any CPU
		{1E51D437-40E3-9ED4-EDB8-9D2DB7B55A38}.Debug|Any CPU.ActiveCfg = Debug|Any CPU
		{1E51D437-40E3-9ED4-EDB8-9D2DB7B55A38}.Debug|Any CPU.Build.0 = Debug|Any CPU
		{1E51D437-40E3-9ED4-EDB8-9D2DB7B55A38}.Release|Any CPU.ActiveCfg = Release|Any CPU
		{1E51D437-40E3-9ED4-EDB8-9D2DB7B55A38}.Release|Any CPU.Build.0 = Release|Any CPU
		{A5C48D50-9F46-0E92-197B-31D8C430062C}.Debug|Any CPU.ActiveCfg = Debug|Any CPU
		{A5C48D50-9F46-0E92-197B-31D8C430062C}.Debug|Any CPU.Build.0 = Debug|Any CPU
		{A5C48D50-9F46-0E92-197B-31D8C430062C}.Release|Any CPU.ActiveCfg = Release|Any CPU
		{A5C48D50-9F46-0E92-197B-31D8C430062C}.Release|Any CPU.Build.0 = Release|Any CPU
	EndGlobalSection
	GlobalSection(SolutionProperties) = preSolution
		HideSolutionNode = FALSE
	EndGlobalSection
													GlobalSection(MonoDevelopProperties) = preSolution
		StartupItem = Assembly-CSharp.csproj
		Policies = $0
		$0.TextStylePolicy = $1
		$1.inheritsSet = null
		$1.scope = text/x-csharp
		$0.CSharpFormattingPolicy = $2
		$2.inheritsSet = Mono
		$2.inheritsScope = text/x-csharp
		$2.scope = text/x-csharp
		$0.TextStylePolicy = $3
		$3.FileWidth = 120
		$3.TabWidth = 4
		$3.EolMarker = Unix
		$3.inheritsSet = Mono
		$3.inheritsScope = text/plain
		$3.scope = text/plain
	EndGlobalSection

EndGlobal
